PODS:
  - FMDB (2.3):
    - FMDB/standard
  - FMDB/common (2.3)
  - FMDB/standard (2.3):
    - FMDB/common
  - JPSimulatorHacks (0.9.1):
    - FMDB (~> 2.3)

DEPENDENCIES:
  - JPSimulatorHacks (from `.`)

EXTERNAL SOURCES:
  JPSimulatorHacks:
    :path: .

SPEC CHECKSUMS:
  FMDB: 31ec26773c7f7b7890a6038235a1f2bbd933a7cb
  JPSimulatorHacks: a9f213a089631bd5f24b96fc40d0365856148f5e

COCOAPODS: 0.33.1
